lockfileVersion: '9.0'

settings:
  autoInstallPeers: true
  excludeLinksFromLockfile: false

importers:

  .:
    dependencies:
      svelte:
        specifier: ^4.0.0
        version: 4.2.20
    devDependencies:
      '@rsbuild/core':
        specifier: ^0.2.10
        version: 0.2.18
      '@rsbuild/plugin-svelte':
        specifier: ^0.2.10
        version: 0.2.18(postcss@8.4.31)(svelte@4.2.20)

packages:

  '@ampproject/remapping@2.3.0':
    resolution: {integrity: sha512-30iZtAPgz+LTIYoeivqYo853f02jBYSd5uGnGpkFV0M3xOt9aN73erkgYAmZU43x4VfqcnLxW9Kpg3R5LC4YYw==}
    engines: {node: '>=6.0.0'}

  '@jridgewell/gen-mapping@0.3.13':
    resolution: {integrity: sha512-2kkt/7niJ6MgEPxF0bYdQ6etZaA+fQvDcLKckhy1yIQOzaoKjBBjSj63/aLVjYE3qhRt5dvM+uUyfCg6UKCBbA==}

  '@jridgewell/resolve-uri@3.1.2':
    resolution: {integrity: sha512-bRISgCIjP20/tbWSPWMEi54QVPRZExkuD9lJL+UIxUKtwVJA8wW1Trb1jMs1RFXo1CBTNZ/5hpC9QvmKWdopKw==}
    engines: {node: '>=6.0.0'}

  '@jridgewell/sourcemap-codec@1.5.5':
    resolution: {integrity: sha512-cYQ9310grqxueWbl+WuIUIaiUaDcj7WOq5fVhEljNVgRfOUhY9fy2zTvfoqWsnebh8Sl70VScFbICvJnLKB0Og==}

  '@jridgewell/trace-mapping@0.3.30':
    resolution: {integrity: sha512-GQ7Nw5G2lTu/BtHTKfXhKHok2WGetd4XYcVKGx00SjAk8GMwgJM3zr6zORiPGuOE+/vkc90KtTosSSvaCjKb2Q==}

  '@module-federation/runtime-tools@0.0.0-next-20231225095220':
    resolution: {integrity: sha512-Rn4ntKEWR5FdT3IA2gd5vw71GhXiYbNev2F54iBiWHsF0z+J41lHQhNDXDAoTeNmJs64e9dsPhBM2U0VZKo8uA==}

  '@module-federation/runtime@0.0.0-next-20231225095220':
    resolution: {integrity: sha512-tsST3igVpXKclGpqq2NNm1wzROks29PGte7GCgSPhoaFVNg076Nl8XzFNPGflCF6g/z13oFw/vahYpBAHkEZgQ==}

  '@module-federation/sdk@0.0.0-next-20231225095220':
    resolution: {integrity: sha512-0vS5UXCkbKyotZIXAsF+mrL8PQ+xKmKfaDYHdBxXR4kyGSRjSRRokSKkXZNVfPEhy1f1z/oAgUo5AZoOisrrQA==}

  '@module-federation/webpack-bundler-runtime@0.0.0-next-20231225095220':
    resolution: {integrity: sha512-xzz2FUvj+/TMl2ua/EcFaiYmH54XedH5fU7zQ1/EBZDrt26uJR4vabmvPx3Eb06KfDEcGB2/zkzZNzcT8572CQ==}

  '@rsbuild/core@0.2.18':
    resolution: {integrity: sha512-y7iVgs/QcCRjHJYK8JMs2KbJRT1K6mNdxlETCCREQoZAok6YMlph72KQjnBUbQ+2bCYoK47bmW8hCdGspyIloA==}
    engines: {node: '>=14.0.0'}
    hasBin: true

  '@rsbuild/plugin-svelte@0.2.18':
    resolution: {integrity: sha512-xZRlUyCjGzX1WvufOyNUJp8C/ebui9UY+7bsovMLNGCIScEwhMeLjR3qFkuCACtfoxueJUZyaS/Oa1zsxOy+Bg==}

  '@rsbuild/shared@0.2.18':
    resolution: {integrity: sha512-8Zv2unsGLVEQhaVZrPBua2GWlrx0WcqukAT5tr/UCJHV+lB9gaPLmBGLo2NxlE/fa6WWTAsCpP+GUctJ7Kjtmw==}

  '@rspack/binding-darwin-arm64@0.4.5':
    resolution: {integrity: sha512-H7RaSPN9VEzZf4URZpVV0Is4I1mgOHCzYVxDUZ/9G5vMkTW5baktCxFwbmBPYKcZ8Zoj/hy/DE8fmt1L200NmQ==}
    cpu: [arm64]
    os: [darwin]

  '@rspack/binding-darwin-x64@0.4.5':
    resolution: {integrity: sha512-K5HgE4nHwVWizCr2pBLA8N3LXfn1lQCSV5sR+6xQQrVdvRJ5zBhPMwjPOzP+AdmGhrD14zz1j9mktzCvA7FUtg==}
    cpu: [x64]
    os: [darwin]

  '@rspack/binding-linux-arm64-gnu@0.4.5':
    resolution: {integrity: sha512-JvESc3imqKbqwal5WesxlV3ix8eIO/07XCj+pkaZWaf4nj/ui02NGtLaeLVxwc1fxHekdLc+ROQrxpdOLhQ1jw==}
    cpu: [arm64]
    os: [linux]
    libc: [glibc]

  '@rspack/binding-linux-arm64-musl@0.4.5':
    resolution: {integrity: sha512-ziYGYEoLsPEyC0pEAj5clU8XOFr3+r7IExm9/sq2gp+M1as/yTzouEuzO3D8kI0xVfub1WmiEktTBlgjS13CSA==}
    cpu: [arm64]
    os: [linux]
    libc: [musl]

  '@rspack/binding-linux-x64-gnu@0.4.5':
    resolution: {integrity: sha512-9cXOIswpSZYhEXeuIWdsQNrgpjHTD4I3v0NPm75cL6cdBtJMHOa/qejO5mdTLzoDdE7waGZAb4uSMfrJOEkwqQ==}
    cpu: [x64]
    os: [linux]
    libc: [glibc]

  '@rspack/binding-linux-x64-musl@0.4.5':
    resolution: {integrity: sha512-wClTj9mbVKprHIWsLEVJg+ZXT5slF93JsyAALIhAFkNMmn5z0B2NPD7+Oaii62edKMk2nS3dpoHu1JCLDmP0cw==}
    cpu: [x64]
    os: [linux]
    libc: [musl]

  '@rspack/binding-win32-arm64-msvc@0.4.5':
    resolution: {integrity: sha512-8LNITZqPMKO69nc8hwdcweBXcAS4yAL5W/kZ6zKeb6Ly+X5SBZk7l0WPL7lPMib/vHFkjJjp1buGhzymLU0bzA==}
    cpu: [arm64]
    os: [win32]

  '@rspack/binding-win32-ia32-msvc@0.4.5':
    resolution: {integrity: sha512-dndiXygG1ZmSO3unuZ9Mc+7IvqBtFqwvjFZGKUdIcufFr2CjZDL/KR1zJGTmFIzwHKMV2hEH4cZpa2TwisXvGQ==}
    cpu: [ia32]
    os: [win32]

  '@rspack/binding-win32-x64-msvc@0.4.5':
    resolution: {integrity: sha512-SEu8+pQsnGP7A0/XX5vawsccR825UCOzK5phJ8INSC7Mse8FKzkZpv2Af3PsHl2+N17M0PRgBxTghXR35PXkiw==}
    cpu: [x64]
    os: [win32]

  '@rspack/binding@0.4.5':
    resolution: {integrity: sha512-XmSlt9ucpfebhkWI4guPEym0F+8JZGr8UyBVAtHN2/7SQRI8TL8G1BUQGVgmc7+UKA5RM1Qfps1QmtHYzjARBQ==}

  '@rspack/core@0.4.5':
    resolution: {integrity: sha512-X29fvCqTJH9OYN5pqa2lYP9hBLGICGVugtpTIAyLtMxC7gqvjvZkG/qisaVsjPyg4p2eB0NvmosnHkRv0GJ4sg==}
    engines: {node: '>=16.0.0'}

  '@swc/helpers@0.5.1':
    resolution: {integrity: sha512-sJ902EfIzn1Fa+qYmjdQqh8tPsoxyBz+8yBKC2HKUxyezKJFwPGOn7pv4WY6QuQW//ySQi5lJjA/ZT9sNWWNTg==}

  '@types/estree@1.0.8':
    resolution: {integrity: sha512-dWHzHa2WqEXI/O1E9OjrocMTKJl2mSrEolh1Iomrv6U+JuNwaHXsXx9bLu5gG7BUWFIN0skIQJQ/L1rIex4X6w==}

  '@types/pug@2.0.10':
    resolution: {integrity: sha512-Sk/uYFOBAB7mb74XcpizmH0KOR2Pv3D2Hmrh1Dmy5BmK3MpdSa5kqZcg6EKBdklU0bFXX9gCfzvpnyUehrPIuA==}

  acorn@8.15.0:
    resolution: {integrity: sha512-NZyJarBfL7nWwIq+FDL6Zp/yHEhePMNnnJ0y3qfieCrmNvYct8uvtiV41UvlSe6apAfk0fY1FbWx+NwfmpvtTg==}
    engines: {node: '>=0.4.0'}
    hasBin: true

  ansi-escapes@4.3.2:
    resolution: {integrity: sha512-gKXj5ALrKWQLsYG9jlTRmR/xKluxHV+Z9QEwNIgCfM1/uwPMCuzVVnh5mwTd+OuBZcwSIMbqssNWRm1lE51QaQ==}
    engines: {node: '>=8'}

  aria-query@5.3.2:
    resolution: {integrity: sha512-COROpnaoap1E2F000S62r6A60uHZnmlvomhfyT2DlTcrY1OrBKn2UhH7qn5wTC9zMvD0AY7csdPSNwKP+7WiQw==}
    engines: {node: '>= 0.4'}

  axobject-query@4.1.0:
    resolution: {integrity: sha512-qIj0G9wZbMGNLjLmg1PT6v2mE9AH2zlnADJD/2tC6E00hgmhUOfEB6greHPAfLRSufHqROIUTkw6E+M3lH0PTQ==}
    engines: {node: '>= 0.4'}

  balanced-match@1.0.2:
    resolution: {integrity: sha512-3oSeUO0TMV67hN1AmbXsK4yaqU7tjiHlbxRDZOpH0KW9+CeX4bRAaX0Anxt0tx2MrpRpWwQaPwIlISEJhYU5Pw==}

  big.js@5.2.2:
    resolution: {integrity: sha512-vyL2OymJxmarO8gxMr0mhChsO9QGwhynfuu4+MHTAW6czfq9humCB7rKpUjDd9YUiDPU4mzpyupFSvOClAwbmQ==}

  brace-expansion@1.1.12:
    resolution: {integrity: sha512-9T9UjW3r0UW5c1Q7GTwllptXwhvYmEzFhzMfZ9H7FQWt+uZePjZPjBP/W1ZEyZ1twGWom5/56TF4lPcqjnDHcg==}

  browserslist@4.25.4:
    resolution: {integrity: sha512-4jYpcjabC606xJ3kw2QwGEZKX0Aw7sgQdZCvIK9dhVSPh76BKo+C+btT1RRofH7B+8iNpEbgGNVWiLki5q93yg==}
    engines: {node: ^6 || ^7 || ^8 || ^9 || ^10 || ^11 || ^12 || >=13.7}
    hasBin: true

  buffer-crc32@1.0.0:
    resolution: {integrity: sha512-Db1SbgBS/fg/392AblrMJk97KggmvYhr4pB5ZIMTWtaivCPMWLkmb7m21cJvpvgK+J3nsU2CmmixNBZx4vFj/w==}
    engines: {node: '>=8.0.0'}

  caniuse-lite@1.0.30001739:
    resolution: {integrity: sha512-y+j60d6ulelrNSwpPyrHdl+9mJnQzHBr08xm48Qno0nSk4h3Qojh+ziv2qE6rXf4k3tadF4o1J/1tAbVm1NtnA==}

  code-red@1.0.4:
    resolution: {integrity: sha512-7qJWqItLA8/VPVlKJlFXU+NBlo/qyfs39aJcuMT/2ere32ZqvF5OSxgdM5xOfJJ7O429gg2HM47y8v9P+9wrNw==}

  compare-versions@6.0.0-rc.1:
    resolution: {integrity: sha512-cFhkjbGY1jLFWIV7KegECbfuyYPxSGvgGkdkfM+ibboQDoPwg2FRHm5BSNTOApiauRBzJIQH7qvOJs2sW5ueKQ==}

  concat-map@0.0.1:
    resolution: {integrity: sha512-/Srv4dswyQNBfohGpz9o6Yb3Gz3SrUDqBH5rTuhGR7ahtlbYKnVxw2bCFMRljaA7EXHaXZ8wsHdodFvbkhKmqg==}

  core-js@3.32.2:
    resolution: {integrity: sha512-pxXSw1mYZPDGvTQqEc5vgIb83jGQKFGYWY76z4a7weZXUolw3G+OvpZqSRcfYOoOVUQJYEPsWeQK8pKEnUtWxQ==}

  css-tree@2.3.1:
    resolution: {integrity: sha512-6Fv1DV/TYw//QF5IzQdqsNDjx/wc8TrMBZsqjL9eW01tWb7R7k/mq+/VXfJCl7SoD5emsJop9cOByJZfs8hYIw==}
    engines: {node: ^10 || ^12.20.0 || ^14.13.0 || >=15.0.0}

  detect-indent@6.1.0:
    resolution: {integrity: sha512-reYkTUJAZb9gUuZ2RvVCNhVHdg62RHnJ7WJl8ftMi4diZ6NWlciOzQN88pUhSELEwflJht4oQDv0F0BMlwaYtA==}
    engines: {node: '>=8'}

  electron-to-chromium@1.5.211:
    resolution: {integrity: sha512-IGBvimJkotaLzFnwIVgW9/UD/AOJ2tByUmeOrtqBfACSbAw5b1G0XpvdaieKyc7ULmbwXVx+4e4Be8pOPBrYkw==}

  emojis-list@3.0.0:
    resolution: {integrity: sha512-/kyM18EfinwXZbno9FyUGeFh87KC8HRQBQGildHZbEuRyWFOmv1U10o9BBp8XVZDVNNuQKyIGIu5ZYAAXJ0V2Q==}
    engines: {node: '>= 4'}

  enhanced-resolve@5.12.0:
    resolution: {integrity: sha512-QHTXI/sZQmko1cbDoNAa3mJ5qhWUUNAq3vR0/YiD379fWQrcfuoX1+HW2S0MTt7XmoPLapdaDKUtelUSPic7hQ==}
    engines: {node: '>=10.13.0'}

  es6-promise@3.3.1:
    resolution: {integrity: sha512-SOp9Phqvqn7jtEUxPWdWfWoLmyt2VaJ6MpvP9Comy1MceMXqE6bxvaTu4iaxpYYPzhny28Lc+M87/c2cPK6lDg==}

  escalade@3.2.0:
    resolution: {integrity: sha512-WUj2qlxaQtO4g6Pq5c29GTcWGDyd8itL8zTlipgECz3JesAiiOKotd8JU6otB3PACgG6xkJUyVhboMS+bje/jA==}
    engines: {node: '>=6'}

  estree-walker@3.0.3:
    resolution: {integrity: sha512-7RUKfXgSMMkzt6ZuXmqapOurLGPPfgj6l9uRZ7lRGolvk0y2yocc35LdcxKC5PQZdn2DMqioAQ2NoWcrTKmm6g==}

  fs.realpath@1.0.0:
    resolution: {integrity: sha512-OO0pH2lK6a0hZnAdau5ItzHPI6pUlvI7jMVnxUQRtw4owF2wk8lOSabtGDCTP4Ggrg2MbGnWO9X8K1t4+fGMDw==}

  glob-to-regexp@0.4.1:
    resolution: {integrity: sha512-lkX1HJXwyMcprw/5YUZc2s7DrpAiHB21/V+E1rHUrVNokkvB6bqMzT0VfV6/86ZNabt1k14YOIaT7nDvOX3Iiw==}

  glob@7.2.3:
    resolution: {integrity: sha512-nFR0zLpU2YCaRxwoCJvL6UvCH2JFyFVIvwTLsIf21AuHlMskA1hhTdk+LlYJtOlYt9v6dvszD2BGRqBL+iQK9Q==}
    deprecated: Glob versions prior to v9 are no longer supported

  graceful-fs@4.2.10:
    resolution: {integrity: sha512-9ByhssR2fPVsNZj478qUUbKfmL0+t5BDVyjShtyZZLiK7ZDAArFFfopyOTj0M05wE2tJPisA4iTnnXl2YoPvOA==}

  graceful-fs@4.2.11:
    resolution: {integrity: sha512-RbJ5/jmFcNNCcDV5o9eTnBLJ/HszWV0P73bc+Ff4nS/rJj+YaS6IGyiOL0VoBYX+l1Wrl3k63h/KrH+nhJ0XvQ==}

  has-flag@4.0.0:
    resolution: {integrity: sha512-EykJT/Q1KjTWctppgIAgfSO0tKVuZUjhgMr17kqTumMl6Afv3EISleU7qZUzoXDFTAHTDC4NOoG/ZxU3EvlMPQ==}
    engines: {node: '>=8'}

  html-rspack-plugin@5.5.7:
    resolution: {integrity: sha512-7dNAURj9XBHWoYg59F8VU6hT7J7w+od4Lr5hc/rrgN6sy6QfqVpoPqW9Qw4IGFOgit8Pul7iQp1yysBSIhOlsg==}
    engines: {node: '>=10.13.0'}

  inflight@1.0.6:
    resolution: {integrity: sha512-k92I/b08q4wvFscXCLvqfsHCrjrF7yiXsQuIVvVE7N82W3+aqpzuUdBbfhWcy/FZR3/4IgflMgKLOsvPDrGCJA==}
    deprecated: This module is not supported, and leaks memory. Do not use it. Check out lru-cache if you want a good and tested way to coalesce async requests by a key value, which is much more comprehensive and powerful.

  inherits@2.0.4:
    resolution: {integrity: sha512-k/vGaX4/Yla3WzyMCvTQOXYeIHvqOKtnqBduzTHpzpQZzAskKMhZ2K+EnBiSM9zGSoIFeMpXKxa4dYeZIQqewQ==}

  is-reference@3.0.3:
    resolution: {integrity: sha512-ixkJoqQvAP88E6wLydLGGqCJsrFUnqoH6HnaczB8XmDH1oaWU+xxdptvikTgaEhtZ53Ky6YXiBuUI2WXLMCwjw==}

  json-parse-even-better-errors@3.0.2:
    resolution: {integrity: sha512-fi0NG4bPjCHunUJffmLd0gxssIgkNmArMvis4iNah6Owg1MCJjWhEcDLmsK6iGkJq3tHwbDkTlce70/tmXN4cQ==}
    engines: {node: ^14.17.0 || ^16.13.0 || >=18.0.0}

  json5@2.2.3:
    resolution: {integrity: sha512-XmOWe7eyHYH14cLdVPoyg+GOH3rYX++KpzrylJwSW98t3Nk+U8XOl8FWKOgwtzdb8lXGf6zYwDUzeHMWfxasyg==}
    engines: {node: '>=6'}
    hasBin: true

  loader-utils@2.0.4:
    resolution: {integrity: sha512-xXqpXoINfFhgua9xiqD8fPFHgkoq1mmmpE92WlDbm9rNRd/EbRb+Gqf908T2DMfuHjjJlksiK2RbHVOdD/MqSw==}
    engines: {node: '>=8.9.0'}

  locate-character@3.0.0:
    resolution: {integrity: sha512-SW13ws7BjaeJ6p7Q6CO2nchbYEc3X3J6WrmTTDto7yMPqVSZTUyY5Tjbid+Ab8gLnATtygYtiDIJGQRRn2ZOiA==}

  lodash@4.17.21:
    resolution: {integrity: sha512-v2kDEe57lecTulaDIuNTPy3Ry4gLGJ6Z1O3vE1krgXZNrsQ+LFTGHVxVjcXPs17LhbZVGedAJv8XZ1tvj5FvSg==}

  magic-string@0.30.18:
    resolution: {integrity: sha512-yi8swmWbO17qHhwIBNeeZxTceJMeBvWJaId6dyvTSOwTipqeHhMhOrz6513r1sOKnpvQ7zkhlG8tPrpilwTxHQ==}

  mdn-data@2.0.30:
    resolution: {integrity: sha512-GaqWWShW4kv/G9IEucWScBx9G1/vsFZZJUO+tD26M8J8z3Kw5RDQjaoZe03YAClgeS/SWPOcb4nkFBTEi5DUEA==}

  min-indent@1.0.1:
    resolution: {integrity: sha512-I9jwMn07Sy/IwOj3zVkVik2JTvgpaykDZEigL6Rx6N9LbMywwUSMtxET+7lVoDLLd3O3IXwJwvuuns8UB/HeAg==}
    engines: {node: '>=4'}

  minimatch@3.1.2:
    resolution: {integrity: sha512-J7p63hRiAjw1NDEww1W7i37+ByIrOWO5XQQAzZ3VOcL0PNybwpfmV/N05zFAzwQ9USyEcX6t3UO+K5aqBQOIHw==}

  minimist@1.2.8:
    resolution: {integrity: sha512-2yyAR8qBkN3YuheJanUpWC5U3bb5osDywNB8RzDVlDwDHbocAJveqqj1u8+SVD7jkWT4yvsHCpWqqWqAxb0zCA==}

  mkdirp@0.5.6:
    resolution: {integrity: sha512-FP+p8RB8OWpF3YZBCrP5gtADmtXApB5AMLn+vdyA+PyxCjrCs00mjyUozssO33cwDeT3wNGdLxJ5M//YqtHAJw==}
    hasBin: true

  nanoid@3.3.11:
    resolution: {integrity: sha512-N8SpfPUnUp1bK+PMYW8qSWdl9U+wwNWI4QKxOYDy9JAro3WMX7p2OeVRF9v+347pnakNevPmiHhNmZ2HbFA76w==}
    engines: {node: ^10 || ^12 || ^13.7 || ^14 || >=15.0.1}
    hasBin: true

  neo-async@2.6.2:
    resolution: {integrity: sha512-Yd3UES5mWCSqR+qNT93S3UoYUkqAZ9lLg8a7g9rimsWmYGK8cVToA4/sF3RrshdyV3sAGMXVUmpMYOw+dLpOuw==}

  node-releases@2.0.19:
    resolution: {integrity: sha512-xxOWJsBKtzAq7DY0J+DTzuz58K8e7sJbdgwkbMWQe8UYB6ekmsQ45q0M/tJDsGaZmbC+l7n57UV8Hl5tHxO9uw==}

  once@1.4.0:
    resolution: {integrity: sha512-lNaJgI+2Q5URQBkccEKHTQOPaXdUxnZZElQTZY0MFUAuaEqe1E+Nyvgdz/aIyNi6Z9MzO5dv1H8n58/GELp3+w==}

  path-is-absolute@1.0.1:
    resolution: {integrity: sha512-AVbw3UJ2e9bq64vSaS9Am0fje1Pa8pbGqTTsmXfaIiMpnr5DlDhfJOuLj9Sf95ZPVDAUerDfEk88MPmPe7UCQg==}
    engines: {node: '>=0.10.0'}

  periscopic@3.1.0:
    resolution: {integrity: sha512-vKiQ8RRtkl9P+r/+oefh25C3fhybptkHKCZSPlcXiJux2tJF55GnEj3BVn4A5gKfq9NWWXXrxkHBwVPUfH0opw==}

  picocolors@1.1.1:
    resolution: {integrity: sha512-xceH2snhtb5M9liqDsmEw56le376mTZkEX/jEb/RxNFyegNul7eNslCXP9FDj/Lcu0X8KEyMceP2ntpaHrDEVA==}

  postcss@8.4.31:
    resolution: {integrity: sha512-PS08Iboia9mts/2ygV3eLpY5ghnUcfLV/EXTOW1E2qYxJKGGBUtNjN76FYHnMs36RmARn41bC0AZmn+rR0OVpQ==}
    engines: {node: ^10 || ^12 || >=14}

  react-refresh@0.14.0:
    resolution: {integrity: sha512-wViHqhAd8OHeLS/IRMJjTSDHF3U9eWi62F/MledQGPdJGDhodXJ9PBLNGr6WWL7qlH12Mt3TyTpbS+hGXMjCzQ==}
    engines: {node: '>=0.10.0'}

  rimraf@2.7.1:
    resolution: {integrity: sha512-uWjbaKIK3T1OSVptzX7Nl6PvQ3qAGtKEtVRjRuazjfL3Bx5eI409VZSqgND+4UNnmzLVdPj9FqFJNPqBZFve4w==}
    deprecated: Rimraf versions prior to v4 are no longer supported
    hasBin: true

  sander@0.5.1:
    resolution: {integrity: sha512-3lVqBir7WuKDHGrKRDn/1Ye3kwpXaDOMsiRP1wd6wpZW56gJhsbp5RqQpA6JG/P+pkXizygnr1dKR8vzWaVsfA==}

  sorcery@0.11.1:
    resolution: {integrity: sha512-o7npfeJE6wi6J9l0/5LKshFzZ2rMatRiCDwYeDQaOzqdzRJwALhX7mk/A/ecg6wjMu7wdZbmXfD2S/vpOg0bdQ==}
    hasBin: true

  source-map-js@1.2.1:
    resolution: {integrity: sha512-UXWMKhLOwVKb728IUtQPXxfYU+usdybtUrK/8uGE8CQMvrhOpwvzDBwj0QhSL7MQc7vIsISBG8VQ8+IDQxpfQA==}
    engines: {node: '>=0.10.0'}

  strip-indent@3.0.0:
    resolution: {integrity: sha512-laJTa3Jb+VQpaC6DseHhF7dXVqHTfJPCRDaEbid/drOhgitgYku/letMUqOXFoWV0zIIUbjpdH2t+tYj4bQMRQ==}
    engines: {node: '>=8'}

  supports-color@7.2.0:
    resolution: {integrity: sha512-qpCAvRl9stuOHveKsn7HncJRvv501qIacKzQlO/+Lwxc9+0q2wLyv4Dfvt80/DPn2pqOBsJdDiogXGR9+OvwRw==}
    engines: {node: '>=8'}

  supports-hyperlinks@2.3.0:
    resolution: {integrity: sha512-RpsAZlpWcDwOPQA22aCH4J0t7L8JmAvsCxfOSEwm7cQs3LshN36QaTkwd70DnBOXDWGssw2eUoc8CaRWT0XunA==}
    engines: {node: '>=8'}

  svelte-dev-helper@1.1.9:
    resolution: {integrity: sha512-oU+Xv7Dl4kRU2kdFjsoPLfJfnt5hUhsFUZtuzI3Ku/f2iAFZqBoEuXOqK3N9ngD4dxQOmN4OKWPHVi3NeAeAfQ==}

  svelte-hmr@0.14.12:
    resolution: {integrity: sha512-4QSW/VvXuqVcFZ+RhxiR8/newmwOCTlbYIezvkeN6302YFRE8cXy0naamHcjz8Y9Ce3ITTZtrHrIL0AGfyo61w==}
    engines: {node: ^12.20 || ^14.13.1 || >= 16}
    peerDependencies:
      svelte: '>=3.19.0'

  svelte-loader@3.1.9:
    resolution: {integrity: sha512-RITPqze3TppOhaZF8SEFTDTwFHov17k3UkOjpxyL/No/YVrvckKmXWOEj7QEpsZZZSNQPb28tMZbHEI2xLhJMQ==}
    peerDependencies:
      svelte: ^3.0.0 || ^4.0.0-next.0

  svelte-preprocess@5.1.4:
    resolution: {integrity: sha512-IvnbQ6D6Ao3Gg6ftiM5tdbR6aAETwjhHV+UKGf5bHGYR69RQvF1ho0JKPcbUON4vy4R7zom13jPjgdOWCQ5hDA==}
    engines: {node: '>= 16.0.0'}
    peerDependencies:
      '@babel/core': ^7.10.2
      coffeescript: ^2.5.1
      less: ^3.11.3 || ^4.0.0
      postcss: ^7 || ^8
      postcss-load-config: ^2.1.0 || ^3.0.0 || ^4.0.0 || ^5.0.0
      pug: ^3.0.0
      sass: ^1.26.8
      stylus: ^0.55.0
      sugarss: ^2.0.0 || ^3.0.0 || ^4.0.0
      svelte: ^3.23.0 || ^4.0.0-next.0 || ^4.0.0 || ^5.0.0-next.0
      typescript: '>=3.9.5 || ^4.0.0 || ^5.0.0'
    peerDependenciesMeta:
      '@babel/core':
        optional: true
      coffeescript:
        optional: true
      less:
        optional: true
      postcss:
        optional: true
      postcss-load-config:
        optional: true
      pug:
        optional: true
      sass:
        optional: true
      stylus:
        optional: true
      sugarss:
        optional: true
      typescript:
        optional: true

  svelte@4.2.20:
    resolution: {integrity: sha512-eeEgGc2DtiUil5ANdtd8vPwt9AgaMdnuUFnPft9F5oMvU/FHu5IHFic+p1dR/UOB7XU2mX2yHW+NcTch4DCh5Q==}
    engines: {node: '>=16'}

  tapable@2.2.1:
    resolution: {integrity: sha512-GNzQvQTOIP6RyTfE2Qxb8ZVlNmw0n88vp1szwWRimP02mnTsx3Wtn5qRdqY9w2XduFNUgvOwhNnQsjwCp+kqaQ==}
    engines: {node: '>=6'}

  tapable@2.2.3:
    resolution: {integrity: sha512-ZL6DDuAlRlLGghwcfmSn9sK3Hr6ArtyudlSAiCqQ6IfE+b+HHbydbYDIG15IfS5do+7XQQBdBiubF/cV2dnDzg==}
    engines: {node: '>=6'}

  terminal-link@2.1.1:
    resolution: {integrity: sha512-un0FmiRUQNr5PJqy9kP7c40F5BOfpGlYTrxonDChEZB7pzZxRNp/bt+ymiy9/npwXya9KH99nJ/GXFIiUkYGFQ==}
    engines: {node: '>=8'}

  tslib@2.8.1:
    resolution: {integrity: sha512-oJFu94HQb+KVduSUQL7wnpmqnfmLsOA/nAh6b6EH0wCEoK0/mPeXU6c3wKDV83MkOuHPRHtSXKKU99IBazS/2w==}

  type-fest@0.21.3:
    resolution: {integrity: sha512-t0rzBq87m3fVcduHDUFhKmyyX+9eo6WQjZvf51Ea/M0Q7+T374Jp1aUiyUl0GKxp8M/OETVHSDvmkyPgvX+X2w==}
    engines: {node: '>=10'}

  update-browserslist-db@1.1.3:
    resolution: {integrity: sha512-UxhIZQ+QInVdunkDAaiazvvT/+fXL5Osr0JZlJulepYu6Jd7qJtDZjlur0emRlT71EN3ScPoE7gvsuIKKNavKw==}
    hasBin: true
    peerDependencies:
      browserslist: '>= 4.21.0'

  watchpack@2.4.4:
    resolution: {integrity: sha512-c5EGNOiyxxV5qmTtAB7rbiXxi1ooX1pQKMLX/MIabJjRA0SJBQOjKF+KSVfHkr9U1cADPon0mRiVe/riyaiDUA==}
    engines: {node: '>=10.13.0'}

  webpack-sources@3.2.3:
    resolution: {integrity: sha512-/DyMEOrDgLKKIG0fmvtz+4dUX/3Ghozwgm6iPp8KRhvn+eQf9+Q7GWxVNMk3+uCPWfdXYC4ExGBckIXdFEfH1w==}
    engines: {node: '>=10.13.0'}

  wrappy@1.0.2:
    resolution: {integrity: sha512-l4Sp/DRseor9wL6EvV2+TuQn63dMkPjZ/sp9XkghTEbV9KlPS1xUsZ3u7/IQO4wxtcFB4bgpQPRcR3QCvezPcQ==}

  zod-validation-error@1.3.1:
    resolution: {integrity: sha512-cNEXpla+tREtNdAnNKY4xKY1SGOn2yzyuZMu4O0RQylX9apRpUjNcPkEc3uHIAr5Ct7LenjZt6RzjEH6+JsqVQ==}
    engines: {node: '>=16.0.0'}
    peerDependencies:
      zod: ^3.18.0

  zod@3.25.76:
    resolution: {integrity: sha512-gzUt/qt81nXsFGKIFcC3YnfEAx5NkunCfnDlvuBSSFS02bcXu4Lmea0AFIUwbLWxWPx3d9p8S5QoaujKcNQxcQ==}

snapshots:

  '@ampproject/remapping@2.3.0':
    dependencies:
      '@jridgewell/gen-mapping': 0.3.13
      '@jridgewell/trace-mapping': 0.3.30

  '@jridgewell/gen-mapping@0.3.13':
    dependencies:
      '@jridgewell/sourcemap-codec': 1.5.5
      '@jridgewell/trace-mapping': 0.3.30

  '@jridgewell/resolve-uri@3.1.2': {}

  '@jridgewell/sourcemap-codec@1.5.5': {}

  '@jridgewell/trace-mapping@0.3.30':
    dependencies:
      '@jridgewell/resolve-uri': 3.1.2
      '@jridgewell/sourcemap-codec': 1.5.5

  '@module-federation/runtime-tools@0.0.0-next-20231225095220':
    dependencies:
      '@module-federation/runtime': 0.0.0-next-20231225095220
      '@module-federation/webpack-bundler-runtime': 0.0.0-next-20231225095220

  '@module-federation/runtime@0.0.0-next-20231225095220':
    dependencies:
      '@module-federation/sdk': 0.0.0-next-20231225095220

  '@module-federation/sdk@0.0.0-next-20231225095220': {}

  '@module-federation/webpack-bundler-runtime@0.0.0-next-20231225095220':
    dependencies:
      '@module-federation/runtime': 0.0.0-next-20231225095220
      '@module-federation/sdk': 0.0.0-next-20231225095220

  '@rsbuild/core@0.2.18':
    dependencies:
      '@rsbuild/shared': 0.2.18
      '@rspack/core': 0.4.5
      core-js: 3.32.2
      html-webpack-plugin: html-rspack-plugin@5.5.7
      postcss: 8.4.31

  '@rsbuild/plugin-svelte@0.2.18(postcss@8.4.31)(svelte@4.2.20)':
    dependencies:
      '@rsbuild/shared': 0.2.18
      svelte-loader: 3.1.9(svelte@4.2.20)
      svelte-preprocess: 5.1.4(postcss@8.4.31)(svelte@4.2.20)
    transitivePeerDependencies:
      - '@babel/core'
      - coffeescript
      - less
      - postcss
      - postcss-load-config
      - pug
      - sass
      - stylus
      - sugarss
      - svelte
      - typescript

  '@rsbuild/shared@0.2.18':
    dependencies:
      '@rspack/core': 0.4.5
      caniuse-lite: 1.0.30001739
      lodash: 4.17.21
      postcss: 8.4.31

  '@rspack/binding-darwin-arm64@0.4.5':
    optional: true

  '@rspack/binding-darwin-x64@0.4.5':
    optional: true

  '@rspack/binding-linux-arm64-gnu@0.4.5':
    optional: true

  '@rspack/binding-linux-arm64-musl@0.4.5':
    optional: true

  '@rspack/binding-linux-x64-gnu@0.4.5':
    optional: true

  '@rspack/binding-linux-x64-musl@0.4.5':
    optional: true

  '@rspack/binding-win32-arm64-msvc@0.4.5':
    optional: true

  '@rspack/binding-win32-ia32-msvc@0.4.5':
    optional: true

  '@rspack/binding-win32-x64-msvc@0.4.5':
    optional: true

  '@rspack/binding@0.4.5':
    optionalDependencies:
      '@rspack/binding-darwin-arm64': 0.4.5
      '@rspack/binding-darwin-x64': 0.4.5
      '@rspack/binding-linux-arm64-gnu': 0.4.5
      '@rspack/binding-linux-arm64-musl': 0.4.5
      '@rspack/binding-linux-x64-gnu': 0.4.5
      '@rspack/binding-linux-x64-musl': 0.4.5
      '@rspack/binding-win32-arm64-msvc': 0.4.5
      '@rspack/binding-win32-ia32-msvc': 0.4.5
      '@rspack/binding-win32-x64-msvc': 0.4.5

  '@rspack/core@0.4.5':
    dependencies:
      '@module-federation/runtime-tools': 0.0.0-next-20231225095220
      '@rspack/binding': 0.4.5
      '@swc/helpers': 0.5.1
      browserslist: 4.25.4
      compare-versions: 6.0.0-rc.1
      enhanced-resolve: 5.12.0
      graceful-fs: 4.2.10
      json-parse-even-better-errors: 3.0.2
      neo-async: 2.6.2
      react-refresh: 0.14.0
      tapable: 2.2.1
      terminal-link: 2.1.1
      watchpack: 2.4.4
      webpack-sources: 3.2.3
      zod: 3.25.76
      zod-validation-error: 1.3.1(zod@3.25.76)

  '@swc/helpers@0.5.1':
    dependencies:
      tslib: 2.8.1

  '@types/estree@1.0.8': {}

  '@types/pug@2.0.10': {}

  acorn@8.15.0: {}

  ansi-escapes@4.3.2:
    dependencies:
      type-fest: 0.21.3

  aria-query@5.3.2: {}

  axobject-query@4.1.0: {}

  balanced-match@1.0.2: {}

  big.js@5.2.2: {}

  brace-expansion@1.1.12:
    dependencies:
      balanced-match: 1.0.2
      concat-map: 0.0.1

  browserslist@4.25.4:
    dependencies:
      caniuse-lite: 1.0.30001739
      electron-to-chromium: 1.5.211
      node-releases: 2.0.19
      update-browserslist-db: 1.1.3(browserslist@4.25.4)

  buffer-crc32@1.0.0: {}

  caniuse-lite@1.0.30001739: {}

  code-red@1.0.4:
    dependencies:
      '@jridgewell/sourcemap-codec': 1.5.5
      '@types/estree': 1.0.8
      acorn: 8.15.0
      estree-walker: 3.0.3
      periscopic: 3.1.0

  compare-versions@6.0.0-rc.1: {}

  concat-map@0.0.1: {}

  core-js@3.32.2: {}

  css-tree@2.3.1:
    dependencies:
      mdn-data: 2.0.30
      source-map-js: 1.2.1

  detect-indent@6.1.0: {}

  electron-to-chromium@1.5.211: {}

  emojis-list@3.0.0: {}

  enhanced-resolve@5.12.0:
    dependencies:
      graceful-fs: 4.2.10
      tapable: 2.2.1

  es6-promise@3.3.1: {}

  escalade@3.2.0: {}

  estree-walker@3.0.3:
    dependencies:
      '@types/estree': 1.0.8

  fs.realpath@1.0.0: {}

  glob-to-regexp@0.4.1: {}

  glob@7.2.3:
    dependencies:
      fs.realpath: 1.0.0
      inflight: 1.0.6
      inherits: 2.0.4
      minimatch: 3.1.2
      once: 1.4.0
      path-is-absolute: 1.0.1

  graceful-fs@4.2.10: {}

  graceful-fs@4.2.11: {}

  has-flag@4.0.0: {}

  html-rspack-plugin@5.5.7:
    dependencies:
      lodash: 4.17.21
      tapable: 2.2.3

  inflight@1.0.6:
    dependencies:
      once: 1.4.0
      wrappy: 1.0.2

  inherits@2.0.4: {}

  is-reference@3.0.3:
    dependencies:
      '@types/estree': 1.0.8

  json-parse-even-better-errors@3.0.2: {}

  json5@2.2.3: {}

  loader-utils@2.0.4:
    dependencies:
      big.js: 5.2.2
      emojis-list: 3.0.0
      json5: 2.2.3

  locate-character@3.0.0: {}

  lodash@4.17.21: {}

  magic-string@0.30.18:
    dependencies:
      '@jridgewell/sourcemap-codec': 1.5.5

  mdn-data@2.0.30: {}

  min-indent@1.0.1: {}

  minimatch@3.1.2:
    dependencies:
      brace-expansion: 1.1.12

  minimist@1.2.8: {}

  mkdirp@0.5.6:
    dependencies:
      minimist: 1.2.8

  nanoid@3.3.11: {}

  neo-async@2.6.2: {}

  node-releases@2.0.19: {}

  once@1.4.0:
    dependencies:
      wrappy: 1.0.2

  path-is-absolute@1.0.1: {}

  periscopic@3.1.0:
    dependencies:
      '@types/estree': 1.0.8
      estree-walker: 3.0.3
      is-reference: 3.0.3

  picocolors@1.1.1: {}

  postcss@8.4.31:
    dependencies:
      nanoid: 3.3.11
      picocolors: 1.1.1
      source-map-js: 1.2.1

  react-refresh@0.14.0: {}

  rimraf@2.7.1:
    dependencies:
      glob: 7.2.3

  sander@0.5.1:
    dependencies:
      es6-promise: 3.3.1
      graceful-fs: 4.2.11
      mkdirp: 0.5.6
      rimraf: 2.7.1

  sorcery@0.11.1:
    dependencies:
      '@jridgewell/sourcemap-codec': 1.5.5
      buffer-crc32: 1.0.0
      minimist: 1.2.8
      sander: 0.5.1

  source-map-js@1.2.1: {}

  strip-indent@3.0.0:
    dependencies:
      min-indent: 1.0.1

  supports-color@7.2.0:
    dependencies:
      has-flag: 4.0.0

  supports-hyperlinks@2.3.0:
    dependencies:
      has-flag: 4.0.0
      supports-color: 7.2.0

  svelte-dev-helper@1.1.9: {}

  svelte-hmr@0.14.12(svelte@4.2.20):
    dependencies:
      svelte: 4.2.20

  svelte-loader@3.1.9(svelte@4.2.20):
    dependencies:
      loader-utils: 2.0.4
      svelte: 4.2.20
      svelte-dev-helper: 1.1.9
      svelte-hmr: 0.14.12(svelte@4.2.20)

  svelte-preprocess@5.1.4(postcss@8.4.31)(svelte@4.2.20):
    dependencies:
      '@types/pug': 2.0.10
      detect-indent: 6.1.0
      magic-string: 0.30.18
      sorcery: 0.11.1
      strip-indent: 3.0.0
      svelte: 4.2.20
    optionalDependencies:
      postcss: 8.4.31

  svelte@4.2.20:
    dependencies:
      '@ampproject/remapping': 2.3.0
      '@jridgewell/sourcemap-codec': 1.5.5
      '@jridgewell/trace-mapping': 0.3.30
      '@types/estree': 1.0.8
      acorn: 8.15.0
      aria-query: 5.3.2
      axobject-query: 4.1.0
      code-red: 1.0.4
      css-tree: 2.3.1
      estree-walker: 3.0.3
      is-reference: 3.0.3
      locate-character: 3.0.0
      magic-string: 0.30.18
      periscopic: 3.1.0

  tapable@2.2.1: {}

  tapable@2.2.3: {}

  terminal-link@2.1.1:
    dependencies:
      ansi-escapes: 4.3.2
      supports-hyperlinks: 2.3.0

  tslib@2.8.1: {}

  type-fest@0.21.3: {}

  update-browserslist-db@1.1.3(browserslist@4.25.4):
    dependencies:
      browserslist: 4.25.4
      escalade: 3.2.0
      picocolors: 1.1.1

  watchpack@2.4.4:
    dependencies:
      glob-to-regexp: 0.4.1
      graceful-fs: 4.2.10

  webpack-sources@3.2.3: {}

  wrappy@1.0.2: {}

  zod-validation-error@1.3.1(zod@3.25.76):
    dependencies:
      zod: 3.25.76

  zod@3.25.76: {}
